
Microsoft Visual Studio Solution File, Format Version 12.00
# Visual Studio Version 16
VisualStudioVersion = 16.0.31321.278
MinimumVisualStudioVersion = 10.0.40219.1
Project("{9A19103F-16F7-4668-BE54-9A1E7A4F7556}") = "RickAndMorty.ConsoleApp", "RickAndMorty.ConsoleApp\RickAndMorty.ConsoleApp.csproj", "{F3E16E47-494D-4052-867C-F2350B65370A}"
EndProject
Project("{2150E333-8FDC-42A3-9474-1A3956D46DE8}") = "01.Applications", "01.Applications", "{ED122C07-865F-4AC4-A0DF-E4502E9B62EB}"
EndProject
Project("{2150E333-8FDC-42A3-9474-1A3956D46DE8}") = "02.Domain", "02.Domain", "{A0129FB5-EEF7-4A2C-8C04-125D6D4DEF00}"
EndProject
Project("{2150E333-8FDC-42A3-9474-1A3956D46DE8}") = "03.DataAccess", "03.DataAccess", "{821A6BEF-D7C8-4C7E-96DF-5556B7FF95F2}"
EndProject
Project("{9A19103F-16F7-4668-BE54-9A1E7A4F7556}") = "RickAndMorty.DataAccess", "RickAndMorty.DataAccess\RickAndMorty.DataAccess.csproj", "{CECE57EC-0132-4C3D-8D14-8C955ED14E69}"
EndProject
Project("{9A19103F-16F7-4668-BE54-9A1E7A4F7556}") = "RickAndMorty.WebApi", "RickAndMorty.WebApi\RickAndMorty.WebApi.csproj", "{8210649B-17C7-4DB0-8376-577BC2C54CFB}"
EndProject
Project("{FAE04EC0-301F-11D3-BF4B-00C04F79EFBC}") = "RickAndMorty.Domain", "RickAndMorty.Domain\RickAndMorty.Domain.csproj", "{F68C0683-AC22-40D7-BECE-54B46D1CED35}"
EndProject
Global
	GlobalSection(SolutionConfigurationPlatforms) = preSolution
		Debug|Any CPU = Debug|Any CPU
		Release|Any CPU = Release|Any CPU
	EndGlobalSection
	GlobalSection(ProjectConfigurationPlatforms) = postSolution
		{F3E16E47-494D-4052-867C-F2350B65370A}.Debug|Any CPU.ActiveCfg = Debug|Any CPU
		{F3E16E47-494D-4052-867C-F2350B65370A}.Debug|Any CPU.Build.0 = Debug|Any CPU
		{F3E16E47-494D-4052-867C-F2350B65370A}.Release|Any CPU.ActiveCfg = Release|Any CPU
		{F3E16E47-494D-4052-867C-F2350B65370A}.Release|Any CPU.Build.0 = Release|Any CPU
		{CECE57EC-0132-4C3D-8D14-8C955ED14E69}.Debug|Any CPU.ActiveCfg = Debug|Any CPU
		{CECE57EC-0132-4C3D-8D14-8C955ED14E69}.Debug|Any CPU.Build.0 = Debug|Any CPU
		{CECE57EC-0132-4C3D-8D14-8C955ED14E69}.Release|Any CPU.ActiveCfg = Release|Any CPU
		{CECE57EC-0132-4C3D-8D14-8C955ED14E69}.Release|Any CPU.Build.0 = Release|Any CPU
		{8210649B-17C7-4DB0-8376-577BC2C54CFB}.Debug|Any CPU.ActiveCfg = Debug|Any CPU
		{8210649B-17C7-4DB0-8376-577BC2C54CFB}.Debug|Any CPU.Build.0 = Debug|Any CPU
		{8210649B-17C7-4DB0-8376-577BC2C54CFB}.Release|Any CPU.ActiveCfg = Release|Any CPU
		{8210649B-17C7-4DB0-8376-577BC2C54CFB}.Release|Any CPU.Build.0 = Release|Any CPU
		{F68C0683-AC22-40D7-BECE-54B46D1CED35}.Debug|Any CPU.ActiveCfg = Debug|Any CPU
		{F68C0683-AC22-40D7-BECE-54B46D1CED35}.Debug|Any CPU.Build.0 = Debug|Any CPU
		{F68C0683-AC22-40D7-BECE-54B46D1CED35}.Release|Any CPU.ActiveCfg = Release|Any CPU
		{F68C0683-AC22-40D7-BECE-54B46D1CED35}.Release|Any CPU.Build.0 = Release|Any CPU
	EndGlobalSection
	GlobalSection(SolutionProperties) = preSolution
		HideSolutionNode = FALSE
	EndGlobalSection
	GlobalSection(NestedProjects) = preSolution
		{F3E16E47-494D-4052-867C-F2350B65370A} = {ED122C07-865F-4AC4-A0DF-E4502E9B62EB}
		{CECE57EC-0132-4C3D-8D14-8C955ED14E69} = {821A6BEF-D7C8-4C7E-96DF-5556B7FF95F2}
		{8210649B-17C7-4DB0-8376-577BC2C54CFB} = {ED122C07-865F-4AC4-A0DF-E4502E9B62EB}
		{F68C0683-AC22-40D7-BECE-54B46D1CED35} = {A0129FB5-EEF7-4A2C-8C04-125D6D4DEF00}
	EndGlobalSection
	GlobalSection(ExtensibilityGlobals) = postSolution
		SolutionGuid = {6E8B4796-7978-489B-86B5-EF2401FDD763}
	EndGlobalSection
EndGlobal
